
Microsoft Visual Studio Solution File, Format Version 12.00
# Visual Studio Version 16
VisualStudioVersion = 16.0.30114.105
MinimumVisualStudioVersion = 10.0.40219.1
Project("{FAE04EC0-301F-11D3-BF4B-00C04F79EFBC}") = "BookStore-API", "BookStore-API\BookStore-API.csproj", "{3A14F077-49FD-41E8-95EE-237D5C2AC261}"
EndProject
Global
	GlobalSection(SolutionConfigurationPlatforms) = preSolution
		Debug|Any CPU = Debug|Any CPU
		Release|Any CPU = Release|Any CPU
	EndGlobalSection
	GlobalSection(ProjectConfigurationPlatforms) = postSolution
		{3A14F077-49FD-41E8-95EE-237D5C2AC261}.Debug|Any CPU.ActiveCfg = Debug|Any CPU
		{3A14F077-49FD-41E8-95EE-237D5C2AC261}.Debug|Any CPU.Build.0 = Debug|Any CPU
		{3A14F077-49FD-41E8-95EE-237D5C2AC261}.Release|Any CPU.ActiveCfg = Release|Any CPU
		{3A14F077-49FD-41E8-95EE-237D5C2AC261}.Release|Any CPU.Build.0 = Release|Any CPU
	EndGlobalSection
	GlobalSection(SolutionProperties) = preSolution
		HideSolutionNode = FALSE
	EndGlobalSection
	GlobalSection(ExtensibilityGlobals) = postSolution
		SolutionGuid = {AA071597-CDCA-4B6D-BD2A-1807AD6CD690}
	EndGlobalSection
EndGlobal
